
Microsoft Visual Studio Solution File, Format Version 12.00
# Visual Studio Version 17
VisualStudioVersion = 17.14.36401.2 d17.14
MinimumVisualStudioVersion = 10.0.40219.1
Project("{FAE04EC0-301F-11D3-BF4B-00C04F79EFBC}") = "Servicio.Proyecto", "Servicio.Proyecto\Servicio.Proyecto.csproj", "{3ED1CF1D-FB0D-4B67-B694-D3E44C76BA83}"
EndProject
Global
	GlobalSection(SolutionConfigurationPlatforms) = preSolution
		Debug|Any CPU = Debug|Any CPU
		Release|Any CPU = Release|Any CPU
	EndGlobalSection
	GlobalSection(ProjectConfigurationPlatforms) = postSolution
		{3ED1CF1D-FB0D-4B67-B694-D3E44C76BA83}.Debug|Any CPU.ActiveCfg = Debug|Any CPU
		{3ED1CF1D-FB0D-4B67-B694-D3E44C76BA83}.Debug|Any CPU.Build.0 = Debug|Any CPU
		{3ED1CF1D-FB0D-4B67-B694-D3E44C76BA83}.Release|Any CPU.ActiveCfg = Release|Any CPU
		{3ED1CF1D-FB0D-4B67-B694-D3E44C76BA83}.Release|Any CPU.Build.0 = Release|Any CPU
	EndGlobalSection
	GlobalSection(SolutionProperties) = preSolution
		HideSolutionNode = FALSE
	EndGlobalSection
	GlobalSection(ExtensibilityGlobals) = postSolution
		SolutionGuid = {7BD9439F-4E40-42DC-985A-11339A9806CC}
	EndGlobalSection
EndGlobal
